
Microsoft Visual Studio Solution File, Format Version 12.00
# Visual Studio Version 17
VisualStudioVersion = 17.9.34723.18
MinimumVisualStudioVersion = 10.0.40219.1
Project("{FAE04EC0-301F-11D3-BF4B-00C04F79EFBC}") = "cadflash", "cadflash.csproj", "{68DB7EFE-3857-4E39-AB2B-A525A8930A16}"
EndProject
Global
	GlobalSection(SolutionConfigurationPlatforms) = preSolution
		Debug|Any CPU = Debug|Any CPU
		Release|Any CPU = Release|Any CPU
	EndGlobalSection
	GlobalSection(ProjectConfigurationPlatforms) = postSolution
		{68DB7EFE-3857-4E39-AB2B-A525A8930A16}.Debug|Any CPU.ActiveCfg = Debug|Any CPU
		{68DB7EFE-3857-4E39-AB2B-A525A8930A16}.Debug|Any CPU.Build.0 = Debug|Any CPU
		{68DB7EFE-3857-4E39-AB2B-A525A8930A16}.Debug|Any CPU.Deploy.0 = Debug|Any CPU
		{68DB7EFE-3857-4E39-AB2B-A525A8930A16}.Release|Any CPU.ActiveCfg = Release|Any CPU
		{68DB7EFE-3857-4E39-AB2B-A525A8930A16}.Release|Any CPU.Build.0 = Release|Any CPU
		{68DB7EFE-3857-4E39-AB2B-A525A8930A16}.Release|Any CPU.Deploy.0 = Release|Any CPU
	EndGlobalSection
	GlobalSection(SolutionProperties) = preSolution
		HideSolutionNode = FALSE
	EndGlobalSection
	GlobalSection(ExtensibilityGlobals) = postSolution
		SolutionGuid = {BA083DBD-BB1B-418E-BCCC-8C08D0552BE2}
	EndGlobalSection
EndGlobal
